
Microsoft Visual Studio Solution File, Format Version 12.00
# Visual Studio Version 17
VisualStudioVersion = 17.0.31912.275
MinimumVisualStudioVersion = 10.0.40219.1
Project("{9A19103F-16F7-4668-BE54-9A1E7A4F7556}") = "AdventOfCode01A", "AdventOfCode01A\AdventOfCode01A.csproj", "{ABC9C231-6C21-4C1E-90C0-D089F88E0F87}"
EndProject
Project("{9A19103F-16F7-4668-BE54-9A1E7A4F7556}") = "AdventOfCode01B", "AdventOfCode01B\AdventOfCode01B.csproj", "{D316CF98-B7FC-4B6C-B948-8B99F37FEB5E}"
EndProject
Project("{9A19103F-16F7-4668-BE54-9A1E7A4F7556}") = "AdventOfCode02A", "AdventOfCode02A\AdventOfCode02A.csproj", "{743FA105-90F7-4800-8DC9-ABE2872ABF8A}"
EndProject
Project("{9A19103F-16F7-4668-BE54-9A1E7A4F7556}") = "AdventOfCode02B", "AdventOfCode02B\AdventOfCode02B.csproj", "{D750DD83-127F-401A-9184-BA8231CDAAC7}"
EndProject
Project("{9A19103F-16F7-4668-BE54-9A1E7A4F7556}") = "AdventOfCode03A", "AdventOfCode03A\AdventOfCode03A.csproj", "{0A781001-5AC6-4EA6-AA13-ECAAD8C0307A}"
EndProject
Project("{9A19103F-16F7-4668-BE54-9A1E7A4F7556}") = "AdventOfCode03B", "AdventOfCode03B\AdventOfCode03B.csproj", "{A3042FC2-D0C3-4B2D-8194-165475F3DC11}"
EndProject
Project("{9A19103F-16F7-4668-BE54-9A1E7A4F7556}") = "AdventOfCode04A", "AdventOfCode04A\AdventOfCode04A.csproj", "{33B6CD1B-F981-44D1-9042-33F31E0D71B5}"
EndProject
Project("{9A19103F-16F7-4668-BE54-9A1E7A4F7556}") = "AdventOfCode04B", "AdventOfCode04B\AdventOfCode04B.csproj", "{2D13F7CE-3B79-4A84-AA90-AB48D09E18CD}"
EndProject
Project("{9A19103F-16F7-4668-BE54-9A1E7A4F7556}") = "AdventOfCode05A", "AdventOfCode05A\AdventOfCode05A.csproj", "{D9FC2A05-2270-4C7A-AEF4-B3445409651C}"
EndProject
Project("{9A19103F-16F7-4668-BE54-9A1E7A4F7556}") = "AdventOfCode05B", "AdventOfCode05B\AdventOfCode05B.csproj", "{DD2743FB-19BC-4BEB-9E6F-B428AB89CE82}"
EndProject
Project("{9A19103F-16F7-4668-BE54-9A1E7A4F7556}") = "AdventOfCode06A", "AdventOfCode06A\AdventOfCode06A.csproj", "{14847E43-BA55-45E6-A634-6EFE234C93E3}"
EndProject
Project("{9A19103F-16F7-4668-BE54-9A1E7A4F7556}") = "AdventOfCode06B", "AdventOfCode06B\AdventOfCode06B.csproj", "{C8C32651-9B71-4659-A3D9-D99718941BE8}"
EndProject
Project("{9A19103F-16F7-4668-BE54-9A1E7A4F7556}") = "AdventOfCode07A", "AdventOfCode07A\AdventOfCode07A.csproj", "{AC43E033-D35B-4D16-8499-B1D0C5B3F8ED}"
EndProject
Project("{9A19103F-16F7-4668-BE54-9A1E7A4F7556}") = "AdventOfCode07B", "AdventOfCode07B\AdventOfCode07B.csproj", "{99FB6D5F-634E-4A54-B9FA-59B586541D39}"
EndProject
Project("{9A19103F-16F7-4668-BE54-9A1E7A4F7556}") = "AdventOfCode08A", "AdventOfCode08A\AdventOfCode08A.csproj", "{43D4F64B-9769-4139-A4D5-AC0E7364417D}"
EndProject
Project("{9A19103F-16F7-4668-BE54-9A1E7A4F7556}") = "AdventOfCode08B", "AdventOfCode08B\AdventOfCode08B.csproj", "{ABC5EBA1-CD55-4EF1-98C8-76803025B612}"
EndProject
Project("{9A19103F-16F7-4668-BE54-9A1E7A4F7556}") = "AdventOfCode09A", "AdventOfCode09A\AdventOfCode09A.csproj", "{515522D6-E9B3-4E9F-BA2B-F8C7AFEA16BC}"
EndProject
Project("{9A19103F-16F7-4668-BE54-9A1E7A4F7556}") = "AdventOfCode09B", "AdventOfCode09B\AdventOfCode09B.csproj", "{7B739E4C-BABB-42E8-A670-6A6DC05CE684}"
EndProject
Project("{9A19103F-16F7-4668-BE54-9A1E7A4F7556}") = "AdventOfCode10A", "AdventOfCode10A\AdventOfCode10A.csproj", "{E6D67416-CC38-47A5-A8BE-0A8F91C74CD8}"
EndProject
Project("{9A19103F-16F7-4668-BE54-9A1E7A4F7556}") = "AdventOfCode10B", "AdventOfCode10B\AdventOfCode10B.csproj", "{4C7A6A92-0F1A-42CE-8E0E-B9D5B53F662E}"
EndProject
Project("{9A19103F-16F7-4668-BE54-9A1E7A4F7556}") = "AdventOfCode11A", "AdventOfCode11A\AdventOfCode11A.csproj", "{44CB0BEC-8E97-4934-AEB3-77CDCEB16072}"
EndProject
Project("{9A19103F-16F7-4668-BE54-9A1E7A4F7556}") = "AdventOfCode11B", "AdventOfCode11B\AdventOfCode11B.csproj", "{B3999A6C-31F3-4594-9DA5-FCEEC8BDCA9F}"
EndProject
Project("{9A19103F-16F7-4668-BE54-9A1E7A4F7556}") = "AdventOfCode12A", "AdventOfCode12A\AdventOfCode12A.csproj", "{23469DA1-B8B6-46A2-A86C-221E69499A59}"
EndProject
Project("{9A19103F-16F7-4668-BE54-9A1E7A4F7556}") = "AdventOfCode12B", "AdventOfCode12B\AdventOfCode12B.csproj", "{CD15D9CC-079F-45B3-AE71-303BF3B644F4}"
EndProject
Project("{FAE04EC0-301F-11D3-BF4B-00C04F79EFBC}") = "AdventOfCode13A", "AdventOfCode13A\AdventOfCode13A.csproj", "{A67C5A12-388C-4B58-A88C-59EDE0212BC7}"
EndProject
Project("{FAE04EC0-301F-11D3-BF4B-00C04F79EFBC}") = "AdventOfCode13B", "AdventOfCode13B\AdventOfCode13B.csproj", "{BC4CDB95-BBE4-47FC-8808-73D0DD72CF3A}"
EndProject
Global
	GlobalSection(SolutionConfigurationPlatforms) = preSolution
		Debug|Any CPU = Debug|Any CPU
		Release|Any CPU = Release|Any CPU
	EndGlobalSection
	GlobalSection(ProjectConfigurationPlatforms) = postSolution
		{ABC9C231-6C21-4C1E-90C0-D089F88E0F87}.Debug|Any CPU.ActiveCfg = Debug|Any CPU
		{ABC9C231-6C21-4C1E-90C0-D089F88E0F87}.Debug|Any CPU.Build.0 = Debug|Any CPU
		{ABC9C231-6C21-4C1E-90C0-D089F88E0F87}.Release|Any CPU.ActiveCfg = Release|Any CPU
		{ABC9C231-6C21-4C1E-90C0-D089F88E0F87}.Release|Any CPU.Build.0 = Release|Any CPU
		{D316CF98-B7FC-4B6C-B948-8B99F37FEB5E}.Debug|Any CPU.ActiveCfg = Debug|Any CPU
		{D316CF98-B7FC-4B6C-B948-8B99F37FEB5E}.Debug|Any CPU.Build.0 = Debug|Any CPU
		{D316CF98-B7FC-4B6C-B948-8B99F37FEB5E}.Release|Any CPU.ActiveCfg = Release|Any CPU
		{D316CF98-B7FC-4B6C-B948-8B99F37FEB5E}.Release|Any CPU.Build.0 = Release|Any CPU
		{743FA105-90F7-4800-8DC9-ABE2872ABF8A}.Debug|Any CPU.ActiveCfg = Debug|Any CPU
		{743FA105-90F7-4800-8DC9-ABE2872ABF8A}.Debug|Any CPU.Build.0 = Debug|Any CPU
		{743FA105-90F7-4800-8DC9-ABE2872ABF8A}.Release|Any CPU.ActiveCfg = Release|Any CPU
		{743FA105-90F7-4800-8DC9-ABE2872ABF8A}.Release|Any CPU.Build.0 = Release|Any CPU
		{D750DD83-127F-401A-9184-BA8231CDAAC7}.Debug|Any CPU.ActiveCfg = Debug|Any CPU
		{D750DD83-127F-401A-9184-BA8231CDAAC7}.Debug|Any CPU.Build.0 = Debug|Any CPU
		{D750DD83-127F-401A-9184-BA8231CDAAC7}.Release|Any CPU.ActiveCfg = Release|Any CPU
		{D750DD83-127F-401A-9184-BA8231CDAAC7}.Release|Any CPU.Build.0 = Release|Any CPU
		{0A781001-5AC6-4EA6-AA13-ECAAD8C0307A}.Debug|Any CPU.ActiveCfg = Debug|Any CPU
		{0A781001-5AC6-4EA6-AA13-ECAAD8C0307A}.Debug|Any CPU.Build.0 = Debug|Any CPU
		{0A781001-5AC6-4EA6-AA13-ECAAD8C0307A}.Release|Any CPU.ActiveCfg = Release|Any CPU
		{0A781001-5AC6-4EA6-AA13-ECAAD8C0307A}.Release|Any CPU.Build.0 = Release|Any CPU
		{A3042FC2-D0C3-4B2D-8194-165475F3DC11}.Debug|Any CPU.ActiveCfg = Debug|Any CPU
		{A3042FC2-D0C3-4B2D-8194-165475F3DC11}.Debug|Any CPU.Build.0 = Debug|Any CPU
		{A3042FC2-D0C3-4B2D-8194-165475F3DC11}.Release|Any CPU.ActiveCfg = Release|Any CPU
		{A3042FC2-D0C3-4B2D-8194-165475F3DC11}.Release|Any CPU.Build.0 = Release|Any CPU
		{33B6CD1B-F981-44D1-9042-33F31E0D71B5}.Debug|Any CPU.ActiveCfg = Debug|Any CPU
		{33B6CD1B-F981-44D1-9042-33F31E0D71B5}.Debug|Any CPU.Build.0 = Debug|Any CPU
		{33B6CD1B-F981-44D1-9042-33F31E0D71B5}.Release|Any CPU.ActiveCfg = Release|Any CPU
		{33B6CD1B-F981-44D1-9042-33F31E0D71B5}.Release|Any CPU.Build.0 = Release|Any CPU
		{2D13F7CE-3B79-4A84-AA90-AB48D09E18CD}.Debug|Any CPU.ActiveCfg = Debug|Any CPU
		{2D13F7CE-3B79-4A84-AA90-AB48D09E18CD}.Debug|Any CPU.Build.0 = Debug|Any CPU
		{2D13F7CE-3B79-4A84-AA90-AB48D09E18CD}.Release|Any CPU.ActiveCfg = Release|Any CPU
		{2D13F7CE-3B79-4A84-AA90-AB48D09E18CD}.Release|Any CPU.Build.0 = Release|Any CPU
		{D9FC2A05-2270-4C7A-AEF4-B3445409651C}.Debug|Any CPU.ActiveCfg = Debug|Any CPU
		{D9FC2A05-2270-4C7A-AEF4-B3445409651C}.Debug|Any CPU.Build.0 = Debug|Any CPU
		{D9FC2A05-2270-4C7A-AEF4-B3445409651C}.Release|Any CPU.ActiveCfg = Release|Any CPU
		{D9FC2A05-2270-4C7A-AEF4-B3445409651C}.Release|Any CPU.Build.0 = Release|Any CPU
		{DD2743FB-19BC-4BEB-9E6F-B428AB89CE82}.Debug|Any CPU.ActiveCfg = Debug|Any CPU
		{DD2743FB-19BC-4BEB-9E6F-B428AB89CE82}.Debug|Any CPU.Build.0 = Debug|Any CPU
		{DD2743FB-19BC-4BEB-9E6F-B428AB89CE82}.Release|Any CPU.ActiveCfg = Release|Any CPU
		{DD2743FB-19BC-4BEB-9E6F-B428AB89CE82}.Release|Any CPU.Build.0 = Release|Any CPU
		{14847E43-BA55-45E6-A634-6EFE234C93E3}.Debug|Any CPU.ActiveCfg = Debug|Any CPU
		{14847E43-BA55-45E6-A634-6EFE234C93E3}.Debug|Any CPU.Build.0 = Debug|Any CPU
		{14847E43-BA55-45E6-A634-6EFE234C93E3}.Release|Any CPU.ActiveCfg = Release|Any CPU
		{14847E43-BA55-45E6-A634-6EFE234C93E3}.Release|Any CPU.Build.0 = Release|Any CPU
		{C8C32651-9B71-4659-A3D9-D99718941BE8}.Debug|Any CPU.ActiveCfg = Debug|Any CPU
		{C8C32651-9B71-4659-A3D9-D99718941BE8}.Debug|Any CPU.Build.0 = Debug|Any CPU
		{C8C32651-9B71-4659-A3D9-D99718941BE8}.Release|Any CPU.ActiveCfg = Release|Any CPU
		{C8C32651-9B71-4659-A3D9-D99718941BE8}.Release|Any CPU.Build.0 = Release|Any CPU
		{AC43E033-D35B-4D16-8499-B1D0C5B3F8ED}.Debug|Any CPU.ActiveCfg = Debug|Any CPU
		{AC43E033-D35B-4D16-8499-B1D0C5B3F8ED}.Debug|Any CPU.Build.0 = Debug|Any CPU
		{AC43E033-D35B-4D16-8499-B1D0C5B3F8ED}.Release|Any CPU.ActiveCfg = Release|Any CPU
		{AC43E033-D35B-4D16-8499-B1D0C5B3F8ED}.Release|Any CPU.Build.0 = Release|Any CPU
		{99FB6D5F-634E-4A54-B9FA-59B586541D39}.Debug|Any CPU.ActiveCfg = Debug|Any CPU
		{99FB6D5F-634E-4A54-B9FA-59B586541D39}.Debug|Any CPU.Build.0 = Debug|Any CPU
		{99FB6D5F-634E-4A54-B9FA-59B586541D39}.Release|Any CPU.ActiveCfg = Release|Any CPU
		{99FB6D5F-634E-4A54-B9FA-59B586541D39}.Release|Any CPU.Build.0 = Release|Any CPU
		{43D4F64B-9769-4139-A4D5-AC0E7364417D}.Debug|Any CPU.ActiveCfg = Debug|Any CPU
		{43D4F64B-9769-4139-A4D5-AC0E7364417D}.Debug|Any CPU.Build.0 = Debug|Any CPU
		{43D4F64B-9769-4139-A4D5-AC0E7364417D}.Release|Any CPU.ActiveCfg = Release|Any CPU
		{43D4F64B-9769-4139-A4D5-AC0E7364417D}.Release|Any CPU.Build.0 = Release|Any CPU
		{ABC5EBA1-CD55-4EF1-98C8-76803025B612}.Debug|Any CPU.ActiveCfg = Debug|Any CPU
		{ABC5EBA1-CD55-4EF1-98C8-76803025B612}.Debug|Any CPU.Build.0 = Debug|Any CPU
		{ABC5EBA1-CD55-4EF1-98C8-76803025B612}.Release|Any CPU.ActiveCfg = Release|Any CPU
		{ABC5EBA1-CD55-4EF1-98C8-76803025B612}.Release|Any CPU.Build.0 = Release|Any CPU
		{515522D6-E9B3-4E9F-BA2B-F8C7AFEA16BC}.Debug|Any CPU.ActiveCfg = Debug|Any CPU
		{515522D6-E9B3-4E9F-BA2B-F8C7AFEA16BC}.Debug|Any CPU.Build.0 = Debug|Any CPU
		{515522D6-E9B3-4E9F-BA2B-F8C7AFEA16BC}.Release|Any CPU.ActiveCfg = Release|Any CPU
		{515522D6-E9B3-4E9F-BA2B-F8C7AFEA16BC}.Release|Any CPU.Build.0 = Release|Any CPU
		{7B739E4C-BABB-42E8-A670-6A6DC05CE684}.Debug|Any CPU.ActiveCfg = Debug|Any CPU
		{7B739E4C-BABB-42E8-A670-6A6DC05CE684}.Debug|Any CPU.Build.0 = Debug|Any CPU
		{7B739E4C-BABB-42E8-A670-6A6DC05CE684}.Release|Any CPU.ActiveCfg = Release|Any CPU
		{7B739E4C-BABB-42E8-A670-6A6DC05CE684}.Release|Any CPU.Build.0 = Release|Any CPU
		{E6D67416-CC38-47A5-A8BE-0A8F91C74CD8}.Debug|Any CPU.ActiveCfg = Debug|Any CPU
		{E6D67416-CC38-47A5-A8BE-0A8F91C74CD8}.Debug|Any CPU.Build.0 = Debug|Any CPU
		{E6D67416-CC38-47A5-A8BE-0A8F91C74CD8}.Release|Any CPU.ActiveCfg = Release|Any CPU
		{E6D67416-CC38-47A5-A8BE-0A8F91C74CD8}.Release|Any CPU.Build.0 = Release|Any CPU
		{4C7A6A92-0F1A-42CE-8E0E-B9D5B53F662E}.Debug|Any CPU.ActiveCfg = Debug|Any CPU
		{4C7A6A92-0F1A-42CE-8E0E-B9D5B53F662E}.Debug|Any CPU.Build.0 = Debug|Any CPU
		{4C7A6A92-0F1A-42CE-8E0E-B9D5B53F662E}.Release|Any CPU.ActiveCfg = Release|Any CPU
		{4C7A6A92-0F1A-42CE-8E0E-B9D5B53F662E}.Release|Any CPU.Build.0 = Release|Any CPU
		{44CB0BEC-8E97-4934-AEB3-77CDCEB16072}.Debug|Any CPU.ActiveCfg = Debug|Any CPU
		{44CB0BEC-8E97-4934-AEB3-77CDCEB16072}.Debug|Any CPU.Build.0 = Debug|Any CPU
		{44CB0BEC-8E97-4934-AEB3-77CDCEB16072}.Release|Any CPU.ActiveCfg = Release|Any CPU
		{44CB0BEC-8E97-4934-AEB3-77CDCEB16072}.Release|Any CPU.Build.0 = Release|Any CPU
		{B3999A6C-31F3-4594-9DA5-FCEEC8BDCA9F}.Debug|Any CPU.ActiveCfg = Debug|Any CPU
		{B3999A6C-31F3-4594-9DA5-FCEEC8BDCA9F}.Debug|Any CPU.Build.0 = Debug|Any CPU
		{B3999A6C-31F3-4594-9DA5-FCEEC8BDCA9F}.Release|Any CPU.ActiveCfg = Release|Any CPU
		{B3999A6C-31F3-4594-9DA5-FCEEC8BDCA9F}.Release|Any CPU.Build.0 = Release|Any CPU
		{23469DA1-B8B6-46A2-A86C-221E69499A59}.Debug|Any CPU.ActiveCfg = Debug|Any CPU
		{23469DA1-B8B6-46A2-A86C-221E69499A59}.Debug|Any CPU.Build.0 = Debug|Any CPU
		{23469DA1-B8B6-46A2-A86C-221E69499A59}.Release|Any CPU.ActiveCfg = Release|Any CPU
		{23469DA1-B8B6-46A2-A86C-221E69499A59}.Release|Any CPU.Build.0 = Release|Any CPU
		{CD15D9CC-079F-45B3-AE71-303BF3B644F4}.Debug|Any CPU.ActiveCfg = Debug|Any CPU
		{CD15D9CC-079F-45B3-AE71-303BF3B644F4}.Debug|Any CPU.Build.0 = Debug|Any CPU
		{CD15D9CC-079F-45B3-AE71-303BF3B644F4}.Release|Any CPU.ActiveCfg = Release|Any CPU
		{CD15D9CC-079F-45B3-AE71-303BF3B644F4}.Release|Any CPU.Build.0 = Release|Any CPU
		{A67C5A12-388C-4B58-A88C-59EDE0212BC7}.Debug|Any CPU.ActiveCfg = Debug|Any CPU
		{A67C5A12-388C-4B58-A88C-59EDE0212BC7}.Debug|Any CPU.Build.0 = Debug|Any CPU
		{A67C5A12-388C-4B58-A88C-59EDE0212BC7}.Release|Any CPU.ActiveCfg = Release|Any CPU
		{A67C5A12-388C-4B58-A88C-59EDE0212BC7}.Release|Any CPU.Build.0 = Release|Any CPU
		{BC4CDB95-BBE4-47FC-8808-73D0DD72CF3A}.Debug|Any CPU.ActiveCfg = Debug|Any CPU
		{BC4CDB95-BBE4-47FC-8808-73D0DD72CF3A}.Debug|Any CPU.Build.0 = Debug|Any CPU
		{BC4CDB95-BBE4-47FC-8808-73D0DD72CF3A}.Release|Any CPU.ActiveCfg = Release|Any CPU
		{BC4CDB95-BBE4-47FC-8808-73D0DD72CF3A}.Release|Any CPU.Build.0 = Release|Any CPU
	EndGlobalSection
	GlobalSection(SolutionProperties) = preSolution
		HideSolutionNode = FALSE
	EndGlobalSection
	GlobalSection(ExtensibilityGlobals) = postSolution
		SolutionGuid = {8A5BE20A-092C-430F-8704-F39C46B2C845}
	EndGlobalSection
EndGlobal
